
Microsoft Visual Studio Solution File, Format Version 12.00
# Visual Studio 15
VisualStudioVersion = 15.0.28010.2048
MinimumVisualStudioVersion = 10.0.40219.1
Project("{FAE04EC0-301F-11D3-BF4B-00C04F79EFBC}") = "Lesson 5", "Lesson 5\Lesson 5.csproj", "{E4322678-178C-4448-9551-83C8AD8FC4CC}"
EndProject
Global
	GlobalSection(SolutionConfigurationPlatforms) = preSolution
		Debug|Any CPU = Debug|Any CPU
		Release|Any CPU = Release|Any CPU
	EndGlobalSection
	GlobalSection(ProjectConfigurationPlatforms) = postSolution
		{E4322678-178C-4448-9551-83C8AD8FC4CC}.Debug|Any CPU.ActiveCfg = Debug|Any CPU
		{E4322678-178C-4448-9551-83C8AD8FC4CC}.Debug|Any CPU.Build.0 = Debug|Any CPU
		{E4322678-178C-4448-9551-83C8AD8FC4CC}.Release|Any CPU.ActiveCfg = Release|Any CPU
		{E4322678-178C-4448-9551-83C8AD8FC4CC}.Release|Any CPU.Build.0 = Release|Any CPU
	EndGlobalSection
	GlobalSection(SolutionProperties) = preSolution
		HideSolutionNode = FALSE
	EndGlobalSection
	GlobalSection(ExtensibilityGlobals) = postSolution
		SolutionGuid = {031645C0-F098-4958-93DA-797BF57B6564}
	EndGlobalSection
EndGlobal
